
Microsoft Visual Studio Solution File, Format Version 12.00
# Visual Studio Version 17
VisualStudioVersion = 17.5.002.0
MinimumVisualStudioVersion = 10.0.40219.1
Project("{9A19103F-16F7-4668-BE54-9A1E7A4F7556}") = "api", "api\api.csproj", "{02F3A091-6F1A-40F2-8A52-ED1FF9FE230D}"
EndProject
Global
	GlobalSection(SolutionConfigurationPlatforms) = preSolution
		Debug|Any CPU = Debug|Any CPU
		Release|Any CPU = Release|Any CPU
	EndGlobalSection
	GlobalSection(ProjectConfigurationPlatforms) = postSolution
		{02F3A091-6F1A-40F2-8A52-ED1FF9FE230D}.Debug|Any CPU.ActiveCfg = Debug|Any CPU
		{02F3A091-6F1A-40F2-8A52-ED1FF9FE230D}.Debug|Any CPU.Build.0 = Debug|Any CPU
		{02F3A091-6F1A-40F2-8A52-ED1FF9FE230D}.Release|Any CPU.ActiveCfg = Release|Any CPU
		{02F3A091-6F1A-40F2-8A52-ED1FF9FE230D}.Release|Any CPU.Build.0 = Release|Any CPU
	EndGlobalSection
	GlobalSection(SolutionProperties) = preSolution
		HideSolutionNode = FALSE
	EndGlobalSection
	GlobalSection(ExtensibilityGlobals) = postSolution
		SolutionGuid = {F9425C7E-3462-477E-B82D-C0D5790172EE}
	EndGlobalSection
EndGlobal
